{
  "name": "ts",
  "lockfileVersion": 2,
  "requires": true,
  "packages": {
    "": {
      "devDependencies": {
        "@types/node": "^17.0.10",
        "rehype-img-size": "file:../..",
        "typescript": "^4.5.5"
      }
    },
    "..": {
      "version": "0.0.1",
      "extraneous": true,
      "license": "MIT",
      "dependencies": {
        "image-size": "^1.0.0",
        "unist-util-visit": "^4.1.0"
      },
      "devDependencies": {
        "@rollup/plugin-commonjs": "^21.0.1",
        "@rollup/plugin-node-resolve": "^13.1.3",
        "jest": "^27.3.1",
        "rehype-stringify": "^9.0.2",
        "remark-parse": "^10.0.0",
        "remark-rehype": "^10.0.1",
        "rollup": "^2.64.0",
        "to-vfile": "^7.2.2",
        "unified": "^10.1.0",
        "vfile-reporter": "^6.0.2"
      },
      "engines": {
        "node": "^12.20.0 || ^14.13.1 || >=16.0.0"
      }
    },
    "../..": {
      "version": "0.0.2",
      "dev": true,
      "license": "MIT",
      "dependencies": {
        "image-size": "^1.0.0",
        "unist-util-visit": "^4.1.0"
      },
      "devDependencies": {
        "@rollup/plugin-commonjs": "^21.0.1",
        "@rollup/plugin-node-resolve": "^13.1.3",
        "jest": "^27.3.1",
        "rehype-stringify": "^9.0.2",
        "remark-parse": "^10.0.0",
        "remark-rehype": "^10.0.1",
        "rollup": "^2.64.0",
        "to-vfile": "^7.2.2",
        "unified": "^10.1.0",
        "vfile-reporter": "^6.0.2"
      },
      "engines": {
        "node": "^12.20.0 || ^14.13.1 || >=16.0.0"
      }
    },
    "node_modules/@types/node": {
      "version": "17.0.10",
      "resolved": "https://registry.npmjs.org/@types/node/-/node-17.0.10.tgz",
      "integrity": "sha512-S/3xB4KzyFxYGCppyDt68yzBU9ysL88lSdIah4D6cptdcltc4NCPCAMc0+PCpg/lLIyC7IPvj2Z52OJWeIUkog==",
      "dev": true
    },
    "node_modules/rehype-img-size": {
      "resolved": "../..",
      "link": true
    },
    "node_modules/typescript": {
      "version": "4.5.5",
      "resolved": "https://registry.npmjs.org/typescript/-/typescript-4.5.5.tgz",
      "integrity": "sha512-TCTIul70LyWe6IJWT8QSYeA54WQe8EjQFU4wY52Fasj5UKx88LNYKCgBEHcOMOrFF1rKGbD8v/xcNWVUq9SymA==",
      "dev": true,
      "bin": {
        "tsc": "bin/tsc",
        "tsserver": "bin/tsserver"
      },
      "engines": {
        "node": ">=4.2.0"
      }
    }
  },
  "dependencies": {
    "@types/node": {
      "version": "17.0.10",
      "resolved": "https://registry.npmjs.org/@types/node/-/node-17.0.10.tgz",
      "integrity": "sha512-S/3xB4KzyFxYGCppyDt68yzBU9ysL88lSdIah4D6cptdcltc4NCPCAMc0+PCpg/lLIyC7IPvj2Z52OJWeIUkog==",
      "dev": true
    },
    "rehype-img-size": {
      "version": "file:../..",
      "requires": {
        "@rollup/plugin-commonjs": "^21.0.1",
        "@rollup/plugin-node-resolve": "^13.1.3",
        "image-size": "^1.0.0",
        "jest": "^27.3.1",
        "rehype-stringify": "^9.0.2",
        "remark-parse": "^10.0.0",
        "remark-rehype": "^10.0.1",
        "rollup": "^2.64.0",
        "to-vfile": "^7.2.2",
        "unified": "^10.1.0",
        "unist-util-visit": "^4.1.0",
        "vfile-reporter": "^6.0.2"
      }
    },
    "typescript": {
      "version": "4.5.5",
      "resolved": "https://registry.npmjs.org/typescript/-/typescript-4.5.5.tgz",
      "integrity": "sha512-TCTIul70LyWe6IJWT8QSYeA54WQe8EjQFU4wY52Fasj5UKx88LNYKCgBEHcOMOrFF1rKGbD8v/xcNWVUq9SymA==",
      "dev": true
    }
  }
}
